
Microsoft Visual Studio Solution File, Format Version 12.00
# Visual Studio Version 17
VisualStudioVersion = 17.13.35806.99 d17.13
MinimumVisualStudioVersion = 10.0.40219.1
Project("{FAE04EC0-301F-11D3-BF4B-00C04F79EFBC}") = "KPO_Cursovoy", "KPO_Cursovoy.csproj", "{EA957586-AFD7-4A8C-9808-08B792D2733F}"
EndProject
Global
	GlobalSection(SolutionConfigurationPlatforms) = preSolution
		Debug|Any CPU = Debug|Any CPU
		Release|Any CPU = Release|Any CPU
	EndGlobalSection
	GlobalSection(ProjectConfigurationPlatforms) = postSolution
		{EA957586-AFD7-4A8C-9808-08B792D2733F}.Debug|Any CPU.ActiveCfg = Debug|Any CPU
		{EA957586-AFD7-4A8C-9808-08B792D2733F}.Debug|Any CPU.Build.0 = Debug|Any CPU
		{EA957586-AFD7-4A8C-9808-08B792D2733F}.Release|Any CPU.ActiveCfg = Release|Any CPU
		{EA957586-AFD7-4A8C-9808-08B792D2733F}.Release|Any CPU.Build.0 = Release|Any CPU
	EndGlobalSection
	GlobalSection(SolutionProperties) = preSolution
		HideSolutionNode = FALSE
	EndGlobalSection
	GlobalSection(ExtensibilityGlobals) = postSolution
		SolutionGuid = {BB9A0C62-99B2-4CA1-8A4D-2D77D675C74D}
	EndGlobalSection
EndGlobal
